
Microsoft Visual Studio Solution File, Format Version 12.00
# Visual Studio 15
VisualStudioVersion = 15.0.28307.329
MinimumVisualStudioVersion = 10.0.40219.1
Project("{9A19103F-16F7-4668-BE54-9A1E7A4F7556}") = "Weatherman.Discord", "src\Weatherman.Discord\Weatherman.Discord.csproj", "{166F7F0E-107F-4B0E-9A72-51367EFC4C5E}"
EndProject
Project("{2150E333-8FDC-42A3-9474-1A3956D46DE8}") = "src", "src", "{9F73FD22-C4FA-4873-8B96-821C54720F8E}"
EndProject
Project("{2150E333-8FDC-42A3-9474-1A3956D46DE8}") = "Solution Items", "Solution Items", "{915B6129-3A85-400B-AAAE-220F33C1C323}"
	ProjectSection(SolutionItems) = preProject
		.dockerignore = .dockerignore
		.gitattributes = .gitattributes
		.gitignore = .gitignore
		avatar.svg = avatar.svg
		build.sh = build.sh
		docker-compose.dev.yml = docker-compose.dev.yml
		docker-compose.yml = docker-compose.yml
		init-migrate.bat = init-migrate.bat
		init-update.bat = init-update.bat
		Jenkinsfile = Jenkinsfile
		Weatherman-Discord.Dockerfile = Weatherman-Discord.Dockerfile
		Weatherman-Discord.Dockerfile.debug = Weatherman-Discord.Dockerfile.debug
	EndProjectSection
EndProject
Project("{9A19103F-16F7-4668-BE54-9A1E7A4F7556}") = "Weatherman.Data", "src\Weatherman.Data\Weatherman.Data.csproj", "{5B05AA04-6C40-4D6C-80A6-01ED24FE8D80}"
EndProject
Project("{9A19103F-16F7-4668-BE54-9A1E7A4F7556}") = "Weatherman.WebUI", "src\Weatherman.WebUI\Weatherman.WebUI.csproj", "{167BC2E4-A1FC-43E1-A537-3F20E8BE6B76}"
EndProject
Project("{9A19103F-16F7-4668-BE54-9A1E7A4F7556}") = "Weatherman.App", "src\Weatherman.App\Weatherman.App.csproj", "{B87AF03F-8A0F-494F-A0FB-9F6FDCA35F9A}"
EndProject
Project("{9A19103F-16F7-4668-BE54-9A1E7A4F7556}") = "Weatherman.Domain", "src\Weatherman.Domain\Weatherman.Domain.csproj", "{E1B17F71-3756-4C74-A977-98BF409ED516}"
EndProject
Global
	GlobalSection(SolutionConfigurationPlatforms) = preSolution
		Debug|Any CPU = Debug|Any CPU
		Release|Any CPU = Release|Any CPU
	EndGlobalSection
	GlobalSection(ProjectConfigurationPlatforms) = postSolution
		{166F7F0E-107F-4B0E-9A72-51367EFC4C5E}.Debug|Any CPU.ActiveCfg = Debug|Any CPU
		{166F7F0E-107F-4B0E-9A72-51367EFC4C5E}.Debug|Any CPU.Build.0 = Debug|Any CPU
		{166F7F0E-107F-4B0E-9A72-51367EFC4C5E}.Release|Any CPU.ActiveCfg = Release|Any CPU
		{166F7F0E-107F-4B0E-9A72-51367EFC4C5E}.Release|Any CPU.Build.0 = Release|Any CPU
		{5B05AA04-6C40-4D6C-80A6-01ED24FE8D80}.Debug|Any CPU.ActiveCfg = Debug|Any CPU
		{5B05AA04-6C40-4D6C-80A6-01ED24FE8D80}.Debug|Any CPU.Build.0 = Debug|Any CPU
		{5B05AA04-6C40-4D6C-80A6-01ED24FE8D80}.Release|Any CPU.ActiveCfg = Release|Any CPU
		{5B05AA04-6C40-4D6C-80A6-01ED24FE8D80}.Release|Any CPU.Build.0 = Release|Any CPU
		{167BC2E4-A1FC-43E1-A537-3F20E8BE6B76}.Debug|Any CPU.ActiveCfg = Debug|Any CPU
		{167BC2E4-A1FC-43E1-A537-3F20E8BE6B76}.Debug|Any CPU.Build.0 = Debug|Any CPU
		{167BC2E4-A1FC-43E1-A537-3F20E8BE6B76}.Release|Any CPU.ActiveCfg = Release|Any CPU
		{167BC2E4-A1FC-43E1-A537-3F20E8BE6B76}.Release|Any CPU.Build.0 = Release|Any CPU
		{B87AF03F-8A0F-494F-A0FB-9F6FDCA35F9A}.Debug|Any CPU.ActiveCfg = Debug|Any CPU
		{B87AF03F-8A0F-494F-A0FB-9F6FDCA35F9A}.Debug|Any CPU.Build.0 = Debug|Any CPU
		{B87AF03F-8A0F-494F-A0FB-9F6FDCA35F9A}.Release|Any CPU.ActiveCfg = Release|Any CPU
		{B87AF03F-8A0F-494F-A0FB-9F6FDCA35F9A}.Release|Any CPU.Build.0 = Release|Any CPU
		{E1B17F71-3756-4C74-A977-98BF409ED516}.Debug|Any CPU.ActiveCfg = Debug|Any CPU
		{E1B17F71-3756-4C74-A977-98BF409ED516}.Debug|Any CPU.Build.0 = Debug|Any CPU
		{E1B17F71-3756-4C74-A977-98BF409ED516}.Release|Any CPU.ActiveCfg = Release|Any CPU
		{E1B17F71-3756-4C74-A977-98BF409ED516}.Release|Any CPU.Build.0 = Release|Any CPU
	EndGlobalSection
	GlobalSection(SolutionProperties) = preSolution
		HideSolutionNode = FALSE
	EndGlobalSection
	GlobalSection(NestedProjects) = preSolution
		{166F7F0E-107F-4B0E-9A72-51367EFC4C5E} = {9F73FD22-C4FA-4873-8B96-821C54720F8E}
		{5B05AA04-6C40-4D6C-80A6-01ED24FE8D80} = {9F73FD22-C4FA-4873-8B96-821C54720F8E}
		{167BC2E4-A1FC-43E1-A537-3F20E8BE6B76} = {9F73FD22-C4FA-4873-8B96-821C54720F8E}
		{B87AF03F-8A0F-494F-A0FB-9F6FDCA35F9A} = {9F73FD22-C4FA-4873-8B96-821C54720F8E}
		{E1B17F71-3756-4C74-A977-98BF409ED516} = {9F73FD22-C4FA-4873-8B96-821C54720F8E}
	EndGlobalSection
	GlobalSection(ExtensibilityGlobals) = postSolution
		SolutionGuid = {DC323C20-2A16-4615-B093-92F3B7B1C0CD}
	EndGlobalSection
EndGlobal
